{
  "originHash" : "82a73e3e1b2e4d5c343b5f3158b91cadd0e726584cf3bd4171f22bddade187e1",
  "pins" : [
    {
      "identity" : "liso",
      "kind" : "remoteSourceControl",
      "location" : "https://github.com/yarshure/Liso",
      "state" : {
        "branch" : "main",
        "revision" : "cb1eb10fc325e4cd80782bce8c61cedfc0329ffc"
      }
    },
    {
      "identity" : "snappy.swift",
      "kind" : "remoteSourceControl",
      "location" : "https://github.com/awxkee/snappy.swift",
      "state" : {
        "revision" : "4ce38540e8131f75682a9dd8b36e65ec3979f645",
        "version" : "1.0.0"
      }
    },
    {
      "identity" : "swift-sodium",
      "kind" : "remoteSourceControl",
      "location" : "https://github.com/jedisct1/swift-sodium.git",
      "state" : {
        "revision" : "e7e799cd1eaa4d0f6d3eab56832e7f4b377f4a4f",
        "version" : "0.10.0"
      }
    }
  ],
  "version" : 3
}
